
Microsoft Visual Studio Solution File, Format Version 12.00
# Visual Studio 15
VisualStudioVersion = 15.0.27130.2027
MinimumVisualStudioVersion = 10.0.40219.1
Project("{FAE04EC0-301F-11D3-BF4B-00C04F79EFBC}") = "Core", "Core\Core.csproj", "{0AB66830-7875-4C0A-B6EA-A2239C01FBC0}"
EndProject
Project("{FAE04EC0-301F-11D3-BF4B-00C04F79EFBC}") = "Lam", "Lam\Lam.csproj", "{03166BBF-4D02-43A9-B10D-BDDE27880E1B}"
EndProject
Project("{FAE04EC0-301F-11D3-BF4B-00C04F79EFBC}") = "BuildAll", "BuildAll\BuildAll.csproj", "{CA50337C-0A2E-4BF8-9D92-B754F8C8B27C}"
	ProjectSection(ProjectDependencies) = postProject
		{0AB66830-7875-4C0A-B6EA-A2239C01FBC0} = {0AB66830-7875-4C0A-B6EA-A2239C01FBC0}
		{83439256-359A-4593-A791-99E15A2BF2D1} = {83439256-359A-4593-A791-99E15A2BF2D1}
		{AB10B25C-FF58-412F-9981-24A07C0F2ACE} = {AB10B25C-FF58-412F-9981-24A07C0F2ACE}
		{BC1BD88B-D6BF-4FCA-B158-5514DE01FC85} = {BC1BD88B-D6BF-4FCA-B158-5514DE01FC85}
		{03166BBF-4D02-43A9-B10D-BDDE27880E1B} = {03166BBF-4D02-43A9-B10D-BDDE27880E1B}
		{52936BCF-0E4C-46A7-A44A-F8D8421664BE} = {52936BCF-0E4C-46A7-A44A-F8D8421664BE}
		{0234EFD9-459B-45EA-A31C-376B17A62706} = {0234EFD9-459B-45EA-A31C-376B17A62706}
		{F6F874F8-7803-4386-A83A-3C5D06FE3ACC} = {F6F874F8-7803-4386-A83A-3C5D06FE3ACC}
	EndProjectSection
EndProject
Project("{FAE04EC0-301F-11D3-BF4B-00C04F79EFBC}") = "Machine", "Machine\Machine.csproj", "{F6F874F8-7803-4386-A83A-3C5D06FE3ACC}"
EndProject
Project("{FAE04EC0-301F-11D3-BF4B-00C04F79EFBC}") = "Fun", "Fun\Fun.csproj", "{52936BCF-0E4C-46A7-A44A-F8D8421664BE}"
EndProject
Project("{FAE04EC0-301F-11D3-BF4B-00C04F79EFBC}") = "Lam.GH", "Lam.GH\Lam.GH.csproj", "{83439256-359A-4593-A791-99E15A2BF2D1}"
EndProject
Project("{FAE04EC0-301F-11D3-BF4B-00C04F79EFBC}") = "Machine.GH", "Machine.GH\Machine.GH.csproj", "{0234EFD9-459B-45EA-A31C-376B17A62706}"
EndProject
Project("{FAE04EC0-301F-11D3-BF4B-00C04F79EFBC}") = "Core.GH", "Core.GH\Core.GH.csproj", "{AB10B25C-FF58-412F-9981-24A07C0F2ACE}"
EndProject
Project("{2150E333-8FDC-42A3-9474-1A3956D46DE8}") = "tasToolsCommon", "tasToolsCommon", "{DA0FBCF3-E993-4E3D-94F9-5508DBF329AA}"
EndProject
Project("{FAE04EC0-301F-11D3-BF4B-00C04F79EFBC}") = "Machine.GH.Extended", "Machine.GH.Extended\Machine.GH.Extended.csproj", "{BC1BD88B-D6BF-4FCA-B158-5514DE01FC85}"
EndProject
Global
	GlobalSection(SolutionConfigurationPlatforms) = preSolution
		Debug|Any CPU = Debug|Any CPU
		Debug|x64 = Debug|x64
		Debug32|Any CPU = Debug32|Any CPU
		Debug32|x64 = Debug32|x64
		Debug64|Any CPU = Debug64|Any CPU
		Debug64|x64 = Debug64|x64
		Release|Any CPU = Release|Any CPU
		Release|x64 = Release|x64
	EndGlobalSection
	GlobalSection(ProjectConfigurationPlatforms) = postSolution
		{0AB66830-7875-4C0A-B6EA-A2239C01FBC0}.Debug|Any CPU.ActiveCfg = Debug|x64
		{0AB66830-7875-4C0A-B6EA-A2239C01FBC0}.Debug|x64.ActiveCfg = Debug|x64
		{0AB66830-7875-4C0A-B6EA-A2239C01FBC0}.Debug|x64.Build.0 = Debug|x64
		{0AB66830-7875-4C0A-B6EA-A2239C01FBC0}.Debug32|Any CPU.ActiveCfg = Release|x64
		{0AB66830-7875-4C0A-B6EA-A2239C01FBC0}.Debug32|Any CPU.Build.0 = Release|x64
		{0AB66830-7875-4C0A-B6EA-A2239C01FBC0}.Debug32|x64.ActiveCfg = Debug|x64
		{0AB66830-7875-4C0A-B6EA-A2239C01FBC0}.Debug32|x64.Build.0 = Debug|x64
		{0AB66830-7875-4C0A-B6EA-A2239C01FBC0}.Debug64|Any CPU.ActiveCfg = Release|x64
		{0AB66830-7875-4C0A-B6EA-A2239C01FBC0}.Debug64|Any CPU.Build.0 = Release|x64
		{0AB66830-7875-4C0A-B6EA-A2239C01FBC0}.Debug64|x64.ActiveCfg = Debug|x64
		{0AB66830-7875-4C0A-B6EA-A2239C01FBC0}.Debug64|x64.Build.0 = Debug|x64
		{0AB66830-7875-4C0A-B6EA-A2239C01FBC0}.Release|Any CPU.ActiveCfg = Release|x64
		{0AB66830-7875-4C0A-B6EA-A2239C01FBC0}.Release|x64.ActiveCfg = Release|x64
		{0AB66830-7875-4C0A-B6EA-A2239C01FBC0}.Release|x64.Build.0 = Release|x64
		{03166BBF-4D02-43A9-B10D-BDDE27880E1B}.Debug|Any CPU.ActiveCfg = Debug|x64
		{03166BBF-4D02-43A9-B10D-BDDE27880E1B}.Debug|x64.ActiveCfg = Debug|x64
		{03166BBF-4D02-43A9-B10D-BDDE27880E1B}.Debug|x64.Build.0 = Debug|x64
		{03166BBF-4D02-43A9-B10D-BDDE27880E1B}.Debug32|Any CPU.ActiveCfg = Release|x64
		{03166BBF-4D02-43A9-B10D-BDDE27880E1B}.Debug32|Any CPU.Build.0 = Release|x64
		{03166BBF-4D02-43A9-B10D-BDDE27880E1B}.Debug32|x64.ActiveCfg = Debug|x64
		{03166BBF-4D02-43A9-B10D-BDDE27880E1B}.Debug32|x64.Build.0 = Debug|x64
		{03166BBF-4D02-43A9-B10D-BDDE27880E1B}.Debug64|Any CPU.ActiveCfg = Release|x64
		{03166BBF-4D02-43A9-B10D-BDDE27880E1B}.Debug64|Any CPU.Build.0 = Release|x64
		{03166BBF-4D02-43A9-B10D-BDDE27880E1B}.Debug64|x64.ActiveCfg = Debug|x64
		{03166BBF-4D02-43A9-B10D-BDDE27880E1B}.Debug64|x64.Build.0 = Debug|x64
		{03166BBF-4D02-43A9-B10D-BDDE27880E1B}.Release|Any CPU.ActiveCfg = Release|x64
		{03166BBF-4D02-43A9-B10D-BDDE27880E1B}.Release|x64.ActiveCfg = Release|x64
		{03166BBF-4D02-43A9-B10D-BDDE27880E1B}.Release|x64.Build.0 = Release|x64
		{CA50337C-0A2E-4BF8-9D92-B754F8C8B27C}.Debug|Any CPU.ActiveCfg = Debug|x64
		{CA50337C-0A2E-4BF8-9D92-B754F8C8B27C}.Debug|x64.ActiveCfg = Debug|x64
		{CA50337C-0A2E-4BF8-9D92-B754F8C8B27C}.Debug|x64.Build.0 = Debug|x64
		{CA50337C-0A2E-4BF8-9D92-B754F8C8B27C}.Debug32|Any CPU.ActiveCfg = Release|x64
		{CA50337C-0A2E-4BF8-9D92-B754F8C8B27C}.Debug32|Any CPU.Build.0 = Release|x64
		{CA50337C-0A2E-4BF8-9D92-B754F8C8B27C}.Debug32|x64.ActiveCfg = Debug|x64
		{CA50337C-0A2E-4BF8-9D92-B754F8C8B27C}.Debug32|x64.Build.0 = Debug|x64
		{CA50337C-0A2E-4BF8-9D92-B754F8C8B27C}.Debug64|Any CPU.ActiveCfg = Release|x64
		{CA50337C-0A2E-4BF8-9D92-B754F8C8B27C}.Debug64|Any CPU.Build.0 = Release|x64
		{CA50337C-0A2E-4BF8-9D92-B754F8C8B27C}.Debug64|x64.ActiveCfg = Debug|x64
		{CA50337C-0A2E-4BF8-9D92-B754F8C8B27C}.Debug64|x64.Build.0 = Debug|x64
		{CA50337C-0A2E-4BF8-9D92-B754F8C8B27C}.Release|Any CPU.ActiveCfg = Release|x64
		{CA50337C-0A2E-4BF8-9D92-B754F8C8B27C}.Release|x64.ActiveCfg = Release|x64
		{CA50337C-0A2E-4BF8-9D92-B754F8C8B27C}.Release|x64.Build.0 = Release|x64
		{F6F874F8-7803-4386-A83A-3C5D06FE3ACC}.Debug|Any CPU.ActiveCfg = Debug|x64
		{F6F874F8-7803-4386-A83A-3C5D06FE3ACC}.Debug|x64.ActiveCfg = Debug|x64
		{F6F874F8-7803-4386-A83A-3C5D06FE3ACC}.Debug|x64.Build.0 = Debug|x64
		{F6F874F8-7803-4386-A83A-3C5D06FE3ACC}.Debug32|Any CPU.ActiveCfg = Release|x64
		{F6F874F8-7803-4386-A83A-3C5D06FE3ACC}.Debug32|Any CPU.Build.0 = Release|x64
		{F6F874F8-7803-4386-A83A-3C5D06FE3ACC}.Debug32|x64.ActiveCfg = Debug|x64
		{F6F874F8-7803-4386-A83A-3C5D06FE3ACC}.Debug32|x64.Build.0 = Debug|x64
		{F6F874F8-7803-4386-A83A-3C5D06FE3ACC}.Debug64|Any CPU.ActiveCfg = Release|x64
		{F6F874F8-7803-4386-A83A-3C5D06FE3ACC}.Debug64|Any CPU.Build.0 = Release|x64
		{F6F874F8-7803-4386-A83A-3C5D06FE3ACC}.Debug64|x64.ActiveCfg = Debug|x64
		{F6F874F8-7803-4386-A83A-3C5D06FE3ACC}.Debug64|x64.Build.0 = Debug|x64
		{F6F874F8-7803-4386-A83A-3C5D06FE3ACC}.Release|Any CPU.ActiveCfg = Release|x64
		{F6F874F8-7803-4386-A83A-3C5D06FE3ACC}.Release|x64.ActiveCfg = Release|x64
		{F6F874F8-7803-4386-A83A-3C5D06FE3ACC}.Release|x64.Build.0 = Release|x64
		{52936BCF-0E4C-46A7-A44A-F8D8421664BE}.Debug|Any CPU.ActiveCfg = Debug|x64
		{52936BCF-0E4C-46A7-A44A-F8D8421664BE}.Debug|x64.ActiveCfg = Debug|x64
		{52936BCF-0E4C-46A7-A44A-F8D8421664BE}.Debug|x64.Build.0 = Debug|x64
		{52936BCF-0E4C-46A7-A44A-F8D8421664BE}.Debug32|Any CPU.ActiveCfg = Release|x64
		{52936BCF-0E4C-46A7-A44A-F8D8421664BE}.Debug32|Any CPU.Build.0 = Release|x64
		{52936BCF-0E4C-46A7-A44A-F8D8421664BE}.Debug32|x64.ActiveCfg = Debug|x64
		{52936BCF-0E4C-46A7-A44A-F8D8421664BE}.Debug32|x64.Build.0 = Debug|x64
		{52936BCF-0E4C-46A7-A44A-F8D8421664BE}.Debug64|Any CPU.ActiveCfg = Release|x64
		{52936BCF-0E4C-46A7-A44A-F8D8421664BE}.Debug64|Any CPU.Build.0 = Release|x64
		{52936BCF-0E4C-46A7-A44A-F8D8421664BE}.Debug64|x64.ActiveCfg = Debug|x64
		{52936BCF-0E4C-46A7-A44A-F8D8421664BE}.Debug64|x64.Build.0 = Debug|x64
		{52936BCF-0E4C-46A7-A44A-F8D8421664BE}.Release|Any CPU.ActiveCfg = Release|x64
		{52936BCF-0E4C-46A7-A44A-F8D8421664BE}.Release|x64.ActiveCfg = Release|x64
		{52936BCF-0E4C-46A7-A44A-F8D8421664BE}.Release|x64.Build.0 = Release|x64
		{83439256-359A-4593-A791-99E15A2BF2D1}.Debug|Any CPU.ActiveCfg = Release|x64
		{83439256-359A-4593-A791-99E15A2BF2D1}.Debug|Any CPU.Build.0 = Release|x64
		{83439256-359A-4593-A791-99E15A2BF2D1}.Debug|x64.ActiveCfg = Debug64|x64
		{83439256-359A-4593-A791-99E15A2BF2D1}.Debug|x64.Build.0 = Debug64|x64
		{83439256-359A-4593-A791-99E15A2BF2D1}.Debug32|Any CPU.ActiveCfg = Release|x64
		{83439256-359A-4593-A791-99E15A2BF2D1}.Debug32|Any CPU.Build.0 = Release|x64
		{83439256-359A-4593-A791-99E15A2BF2D1}.Debug32|x64.ActiveCfg = Debug64|x64
		{83439256-359A-4593-A791-99E15A2BF2D1}.Debug32|x64.Build.0 = Debug64|x64
		{83439256-359A-4593-A791-99E15A2BF2D1}.Debug64|Any CPU.ActiveCfg = Debug64|x64
		{83439256-359A-4593-A791-99E15A2BF2D1}.Debug64|x64.ActiveCfg = Debug64|x64
		{83439256-359A-4593-A791-99E15A2BF2D1}.Debug64|x64.Build.0 = Debug64|x64
		{83439256-359A-4593-A791-99E15A2BF2D1}.Release|Any CPU.ActiveCfg = Release|x64
		{83439256-359A-4593-A791-99E15A2BF2D1}.Release|x64.ActiveCfg = Release|x64
		{83439256-359A-4593-A791-99E15A2BF2D1}.Release|x64.Build.0 = Release|x64
		{0234EFD9-459B-45EA-A31C-376B17A62706}.Debug|Any CPU.ActiveCfg = Release|x64
		{0234EFD9-459B-45EA-A31C-376B17A62706}.Debug|Any CPU.Build.0 = Release|x64
		{0234EFD9-459B-45EA-A31C-376B17A62706}.Debug|x64.ActiveCfg = Debug64|x64
		{0234EFD9-459B-45EA-A31C-376B17A62706}.Debug|x64.Build.0 = Debug64|x64
		{0234EFD9-459B-45EA-A31C-376B17A62706}.Debug32|Any CPU.ActiveCfg = Debug64|x64
		{0234EFD9-459B-45EA-A31C-376B17A62706}.Debug32|Any CPU.Build.0 = Debug64|x64
		{0234EFD9-459B-45EA-A31C-376B17A62706}.Debug32|x64.ActiveCfg = Debug64|x64
		{0234EFD9-459B-45EA-A31C-376B17A62706}.Debug32|x64.Build.0 = Debug64|x64
		{0234EFD9-459B-45EA-A31C-376B17A62706}.Debug64|Any CPU.ActiveCfg = Debug64|x64
		{0234EFD9-459B-45EA-A31C-376B17A62706}.Debug64|x64.ActiveCfg = Debug64|x64
		{0234EFD9-459B-45EA-A31C-376B17A62706}.Debug64|x64.Build.0 = Debug64|x64
		{0234EFD9-459B-45EA-A31C-376B17A62706}.Release|Any CPU.ActiveCfg = Release|x64
		{0234EFD9-459B-45EA-A31C-376B17A62706}.Release|x64.ActiveCfg = Release|x64
		{0234EFD9-459B-45EA-A31C-376B17A62706}.Release|x64.Build.0 = Release|x64
		{AB10B25C-FF58-412F-9981-24A07C0F2ACE}.Debug|Any CPU.ActiveCfg = Release|x64
		{AB10B25C-FF58-412F-9981-24A07C0F2ACE}.Debug|Any CPU.Build.0 = Release|x64
		{AB10B25C-FF58-412F-9981-24A07C0F2ACE}.Debug|x64.ActiveCfg = Debug64|x64
		{AB10B25C-FF58-412F-9981-24A07C0F2ACE}.Debug|x64.Build.0 = Debug64|x64
		{AB10B25C-FF58-412F-9981-24A07C0F2ACE}.Debug32|Any CPU.ActiveCfg = Release|x64
		{AB10B25C-FF58-412F-9981-24A07C0F2ACE}.Debug32|Any CPU.Build.0 = Release|x64
		{AB10B25C-FF58-412F-9981-24A07C0F2ACE}.Debug32|x64.ActiveCfg = Debug64|x64
		{AB10B25C-FF58-412F-9981-24A07C0F2ACE}.Debug32|x64.Build.0 = Debug64|x64
		{AB10B25C-FF58-412F-9981-24A07C0F2ACE}.Debug64|Any CPU.ActiveCfg = Debug64|x64
		{AB10B25C-FF58-412F-9981-24A07C0F2ACE}.Debug64|x64.ActiveCfg = Debug64|x64
		{AB10B25C-FF58-412F-9981-24A07C0F2ACE}.Debug64|x64.Build.0 = Debug64|x64
		{AB10B25C-FF58-412F-9981-24A07C0F2ACE}.Release|Any CPU.ActiveCfg = Release|x64
		{AB10B25C-FF58-412F-9981-24A07C0F2ACE}.Release|x64.ActiveCfg = Release|x64
		{AB10B25C-FF58-412F-9981-24A07C0F2ACE}.Release|x64.Build.0 = Release|x64
		{BC1BD88B-D6BF-4FCA-B158-5514DE01FC85}.Debug|Any CPU.ActiveCfg = Debug|Any CPU
		{BC1BD88B-D6BF-4FCA-B158-5514DE01FC85}.Debug|Any CPU.Build.0 = Debug|Any CPU
		{BC1BD88B-D6BF-4FCA-B158-5514DE01FC85}.Debug|x64.ActiveCfg = Debug|Any CPU
		{BC1BD88B-D6BF-4FCA-B158-5514DE01FC85}.Debug|x64.Build.0 = Debug|Any CPU
		{BC1BD88B-D6BF-4FCA-B158-5514DE01FC85}.Debug32|Any CPU.ActiveCfg = Debug|Any CPU
		{BC1BD88B-D6BF-4FCA-B158-5514DE01FC85}.Debug32|Any CPU.Build.0 = Debug|Any CPU
		{BC1BD88B-D6BF-4FCA-B158-5514DE01FC85}.Debug32|x64.ActiveCfg = Debug|Any CPU
		{BC1BD88B-D6BF-4FCA-B158-5514DE01FC85}.Debug32|x64.Build.0 = Debug|Any CPU
		{BC1BD88B-D6BF-4FCA-B158-5514DE01FC85}.Debug64|Any CPU.ActiveCfg = Debug|Any CPU
		{BC1BD88B-D6BF-4FCA-B158-5514DE01FC85}.Debug64|Any CPU.Build.0 = Debug|Any CPU
		{BC1BD88B-D6BF-4FCA-B158-5514DE01FC85}.Debug64|x64.ActiveCfg = Debug|Any CPU
		{BC1BD88B-D6BF-4FCA-B158-5514DE01FC85}.Debug64|x64.Build.0 = Debug|Any CPU
		{BC1BD88B-D6BF-4FCA-B158-5514DE01FC85}.Release|Any CPU.ActiveCfg = Release|Any CPU
		{BC1BD88B-D6BF-4FCA-B158-5514DE01FC85}.Release|Any CPU.Build.0 = Release|Any CPU
		{BC1BD88B-D6BF-4FCA-B158-5514DE01FC85}.Release|x64.ActiveCfg = Release|Any CPU
		{BC1BD88B-D6BF-4FCA-B158-5514DE01FC85}.Release|x64.Build.0 = Release|Any CPU
	EndGlobalSection
	GlobalSection(SolutionProperties) = preSolution
		HideSolutionNode = FALSE
	EndGlobalSection
	GlobalSection(NestedProjects) = preSolution
		{0AB66830-7875-4C0A-B6EA-A2239C01FBC0} = {DA0FBCF3-E993-4E3D-94F9-5508DBF329AA}
		{03166BBF-4D02-43A9-B10D-BDDE27880E1B} = {DA0FBCF3-E993-4E3D-94F9-5508DBF329AA}
		{CA50337C-0A2E-4BF8-9D92-B754F8C8B27C} = {DA0FBCF3-E993-4E3D-94F9-5508DBF329AA}
		{F6F874F8-7803-4386-A83A-3C5D06FE3ACC} = {DA0FBCF3-E993-4E3D-94F9-5508DBF329AA}
		{52936BCF-0E4C-46A7-A44A-F8D8421664BE} = {DA0FBCF3-E993-4E3D-94F9-5508DBF329AA}
		{83439256-359A-4593-A791-99E15A2BF2D1} = {DA0FBCF3-E993-4E3D-94F9-5508DBF329AA}
		{0234EFD9-459B-45EA-A31C-376B17A62706} = {DA0FBCF3-E993-4E3D-94F9-5508DBF329AA}
		{AB10B25C-FF58-412F-9981-24A07C0F2ACE} = {DA0FBCF3-E993-4E3D-94F9-5508DBF329AA}
		{BC1BD88B-D6BF-4FCA-B158-5514DE01FC85} = {DA0FBCF3-E993-4E3D-94F9-5508DBF329AA}
	EndGlobalSection
	GlobalSection(ExtensibilityGlobals) = postSolution
		SolutionGuid = {FBDCD337-B8D2-46B2-8747-BA7C2F06CCCE}
	EndGlobalSection
EndGlobal
